// !$*UTF8*$!
{
	archiveVersion = 1;
	classes = {
	};
	objectVersion = 46;
	objects = {

/* Begin PBXBuildFile section */
		82F19F131CE42B2A0025E75B /* main.m in Sources */ = {isa = PBXBuildFile; fileRef = 82F19F121CE42B2A0025E75B /* main.m */; };
		82F19F161CE42B2A0025E75B /* AppDelegate.m in Sources */ = {isa = PBXBuildFile; fileRef = 82F19F151CE42B2A0025E75B /* AppDelegate.m */; };
		82F19F1F1CE42B2A0025E75B /* BuptRoad.xcdatamodeld in Sources */ = {isa = PBXBuildFile; fileRef = 82F19F1D1CE42B2A0025E75B /* BuptRoad.xcdatamodeld */; };
		82F19F211CE42B2A0025E75B /* Assets.xcassets in Resources */ = {isa = PBXBuildFile; fileRef = 82F19F201CE42B2A0025E75B /* Assets.xcassets */; };
		82F19F241CE42B2A0025E75B /* LaunchScreen.storyboard in Resources */ = {isa = PBXBuildFile; fileRef = 82F19F221CE42B2A0025E75B /* LaunchScreen.storyboard */; };
		82F19F2F1CE42B2A0025E75B /* BuptRoadTests.m in Sources */ = {isa = PBXBuildFile; fileRef = 82F19F2E1CE42B2A0025E75B /* BuptRoadTests.m */; };
		82F19F3A1CE42B2A0025E75B /* BuptRoadUITests.m in Sources */ = {isa = PBXBuildFile; fileRef = 82F19F391CE42B2A0025E75B /* BuptRoadUITests.m */; };
		82F19F4A1CE5D32C0025E75B /* BRTakePhotoViewController.m in Sources */ = {isa = PBXBuildFile; fileRef = 82F19F481CE5D32C0025E75B /* BRTakePhotoViewController.m */; };
		82F19F4B1CE5D32C0025E75B /* BRTakePhotoViewController.xib in Resources */ = {isa = PBXBuildFile; fileRef = 82F19F491CE5D32C0025E75B /* BRTakePhotoViewController.xib */; };
		82F19F521CE5DBFA0025E75B /* BRMapViewController.m in Sources */ = {isa = PBXBuildFile; fileRef = 82F19F501CE5DBFA0025E75B /* BRMapViewController.m */; };
		82F19F531CE5DBFA0025E75B /* BRMapViewController.xib in Resources */ = {isa = PBXBuildFile; fileRef = 82F19F511CE5DBFA0025E75B /* BRMapViewController.xib */; };
		82F19F581CE5E1550025E75B /* BRListTableViewController.m in Sources */ = {isa = PBXBuildFile; fileRef = 82F19F561CE5E1550025E75B /* BRListTableViewController.m */; };
		82F19F591CE5E1550025E75B /* BRListTableViewController.xib in Resources */ = {isa = PBXBuildFile; fileRef = 82F19F571CE5E1550025E75B /* BRListTableViewController.xib */; };
/* End PBXBuildFile section */

/* Begin PBXContainerItemProxy section */
		82F19F2B1CE42B2A0025E75B /* PBXContainerItemProxy */ = {
			isa = PBXContainerItemProxy;
			containerPortal = 82F19F061CE42B2A0025E75B /* Project object */;
			proxyType = 1;
			remoteGlobalIDString = 82F19F0D1CE42B2A0025E75B;
			remoteInfo = BuptRoad;
		};
		82F19F361CE42B2A0025E75B /* PBXContainerItemProxy */ = {
			isa = PBXContainerItemProxy;
			containerPortal = 82F19F061CE42B2A0025E75B /* Project object */;
			proxyType = 1;
			remoteGlobalIDString = 82F19F0D1CE42B2A0025E75B;
			remoteInfo = BuptRoad;
		};
/* End PBXContainerItemProxy section */

/* Begin PBXFileReference section */
		82F19F0E1CE42B2A0025E75B /* BuptRoad.app */ = {isa = PBXFileReference; explicitFileType = wrapper.application; includeInIndex = 0; path = BuptRoad.app; sourceTree = BUILT_PRODUCTS_DIR; };
		82F19F121CE42B2A0025E75B /* main.m */ = {isa = PBXFileReference; lastKnownFileType = sourcecode.c.objc; path = main.m; sourceTree = "<group>"; };
		82F19F141CE42B2A0025E75B /* AppDelegate.h */ = {isa = PBXFileReference; lastKnownFileType = sourcecode.c.h; path = AppDelegate.h; sourceTree = "<group>"; };
		82F19F151CE42B2A0025E75B /* AppDelegate.m */ = {isa = PBXFileReference; lastKnownFileType = sourcecode.c.objc; path = AppDelegate.m; sourceTree = "<group>"; };
		82F19F1E1CE42B2A0025E75B /* BuptRoad.xcdatamodel */ = {isa = PBXFileReference; lastKnownFileType = wrapper.xcdatamodel; path = BuptRoad.xcdatamodel; sourceTree = "<group>"; };
		82F19F201CE42B2A0025E75B /* Assets.xcassets */ = {isa = PBXFileReference; lastKnownFileType = folder.assetcatalog; path = Assets.xcassets; sourceTree = "<group>"; };
		82F19F231CE42B2A0025E75B /* Base */ = {isa = PBXFileReference; lastKnownFileType = file.storyboard; name = Base; path = Base.lproj/LaunchScreen.storyboard; sourceTree = "<group>"; };
		82F19F251CE42B2A0025E75B /* Info.plist */ = {isa = PBXFileReference; lastKnownFileType = text.plist.xml; path = Info.plist; sourceTree = "<group>"; };
		82F19F2A1CE42B2A0025E75B /* BuptRoadTests.xctest */ = {isa = PBXFileReference; explicitFileType = wrapper.cfbundle; includeInIndex = 0; path = BuptRoadTests.xctest; sourceTree = BUILT_PRODUCTS_DIR; };
		82F19F2E1CE42B2A0025E75B /* BuptRoadTests.m */ = {isa = PBXFileReference; lastKnownFileType = sourcecode.c.objc; path = BuptRoadTests.m; sourceTree = "<group>"; };
		82F19F301CE42B2A0025E75B /* Info.plist */ = {isa = PBXFileReference; lastKnownFileType = text.plist.xml; path = Info.plist; sourceTree = "<group>"; };
		82F19F351CE42B2A0025E75B /* BuptRoadUITests.xctest */ = {isa = PBXFileReference; explicitFileType = wrapper.cfbundle; includeInIndex = 0; path = BuptRoadUITests.xctest; sourceTree = BUILT_PRODUCTS_DIR; };
		82F19F391CE42B2A0025E75B /* BuptRoadUITests.m */ = {isa = PBXFileReference; lastKnownFileType = sourcecode.c.objc; path = BuptRoadUITests.m; sourceTree = "<group>"; };
		82F19F3B1CE42B2A0025E75B /* Info.plist */ = {isa = PBXFileReference; lastKnownFileType = text.plist.xml; path = Info.plist; sourceTree = "<group>"; };
		82F19F471CE5D32C0025E75B /* BRTakePhotoViewController.h */ = {isa = PBXFileReference; fileEncoding = 4; lastKnownFileType = sourcecode.c.h; path = BRTakePhotoViewController.h; sourceTree = "<group>"; };
		82F19F481CE5D32C0025E75B /* BRTakePhotoViewController.m */ = {isa = PBXFileReference; fileEncoding = 4; lastKnownFileType = sourcecode.c.objc; path = BRTakePhotoViewController.m; sourceTree = "<group>"; };
		82F19F491CE5D32C0025E75B /* BRTakePhotoViewController.xib */ = {isa = PBXFileReference; fileEncoding = 4; lastKnownFileType = file.xib; path = BRTakePhotoViewController.xib; sourceTree = "<group>"; };
		82F19F4F1CE5DBFA0025E75B /* BRMapViewController.h */ = {isa = PBXFileReference; fileEncoding = 4; lastKnownFileType = sourcecode.c.h; path = BRMapViewController.h; sourceTree = "<group>"; };
		82F19F501CE5DBFA0025E75B /* BRMapViewController.m */ = {isa = PBXFileReference; fileEncoding = 4; lastKnownFileType = sourcecode.c.objc; path = BRMapViewController.m; sourceTree = "<group>"; };
		82F19F511CE5DBFA0025E75B /* BRMapViewController.xib */ = {isa = PBXFileReference; fileEncoding = 4; lastKnownFileType = file.xib; path = BRMapViewController.xib; sourceTree = "<group>"; };
		82F19F551CE5E1550025E75B /* BRListTableViewController.h */ = {isa = PBXFileReference; fileEncoding = 4; lastKnownFileType = sourcecode.c.h; path = BRListTableViewController.h; sourceTree = "<group>"; };
		82F19F561CE5E1550025E75B /* BRListTableViewController.m */ = {isa = PBXFileReference; fileEncoding = 4; lastKnownFileType = sourcecode.c.objc; path = BRListTableViewController.m; sourceTree = "<group>"; };
		82F19F571CE5E1550025E75B /* BRListTableViewController.xib */ = {isa = PBXFileReference; fileEncoding = 4; lastKnownFileType = file.xib; path = BRListTableViewController.xib; sourceTree = "<group>"; };
/* End PBXFileReference section */

/* Begin PBXFrameworksBuildPhase section */
		82F19F0B1CE42B2A0025E75B /* Frameworks */ = {
			isa = PBXFrameworksBuildPhase;
			buildActionMask = 2147483647;
			files = (
			);
			runOnlyForDeploymentPostprocessing = 0;
		};
		82F19F271CE42B2A0025E75B /* Frameworks */ = {
			isa = PBXFrameworksBuildPhase;
			buildActionMask = 2147483647;
			files = (
			);
			runOnlyForDeploymentPostprocessing = 0;
		};
		82F19F321CE42B2A0025E75B /* Frameworks */ = {
			isa = PBXFrameworksBuildPhase;
			buildActionMask = 2147483647;
			files = (
			);
			runOnlyForDeploymentPostprocessing = 0;
		};
/* End PBXFrameworksBuildPhase section */

/* Begin PBXGroup section */
		82F19F051CE42B2A0025E75B = {
			isa = PBXGroup;
			children = (
				82F19F101CE42B2A0025E75B /* BuptRoad */,
				82F19F2D1CE42B2A0025E75B /* BuptRoadTests */,
				82F19F381CE42B2A0025E75B /* BuptRoadUITests */,
				82F19F0F1CE42B2A0025E75B /* Products */,
			);
			sourceTree = "<group>";
		};
		82F19F0F1CE42B2A0025E75B /* Products */ = {
			isa = PBXGroup;
			children = (
				82F19F0E1CE42B2A0025E75B /* BuptRoad.app */,
				82F19F2A1CE42B2A0025E75B /* BuptRoadTests.xctest */,
				82F19F351CE42B2A0025E75B /* BuptRoadUITests.xctest */,
			);
			name = Products;
			sourceTree = "<group>";
		};
		82F19F101CE42B2A0025E75B /* BuptRoad */ = {
			isa = PBXGroup;
			children = (
				82F19F141CE42B2A0025E75B /* AppDelegate.h */,
				82F19F151CE42B2A0025E75B /* AppDelegate.m */,
				82F19F201CE42B2A0025E75B /* Assets.xcassets */,
				82F19F221CE42B2A0025E75B /* LaunchScreen.storyboard */,
				82F19F4C1CE5D3390025E75B /* TabBar */,
				82F19F251CE42B2A0025E75B /* Info.plist */,
				82F19F1D1CE42B2A0025E75B /* BuptRoad.xcdatamodeld */,
				82F19F111CE42B2A0025E75B /* Supporting Files */,
			);
			path = BuptRoad;
			sourceTree = "<group>";
		};
		82F19F111CE42B2A0025E75B /* Supporting Files */ = {
			isa = PBXGroup;
			children = (
				82F19F121CE42B2A0025E75B /* main.m */,
			);
			name = "Supporting Files";
			sourceTree = "<group>";
		};
		82F19F2D1CE42B2A0025E75B /* BuptRoadTests */ = {
			isa = PBXGroup;
			children = (
				82F19F2E1CE42B2A0025E75B /* BuptRoadTests.m */,
				82F19F301CE42B2A0025E75B /* Info.plist */,
			);
			path = BuptRoadTests;
			sourceTree = "<group>";
		};
		82F19F381CE42B2A0025E75B /* BuptRoadUITests */ = {
			isa = PBXGroup;
			children = (
				82F19F391CE42B2A0025E75B /* BuptRoadUITests.m */,
				82F19F3B1CE42B2A0025E75B /* Info.plist */,
			);
			path = BuptRoadUITests;
			sourceTree = "<group>";
		};
		82F19F4C1CE5D3390025E75B /* TabBar */ = {
			isa = PBXGroup;
			children = (
				82F19F541CE5E1380025E75B /* List */,
				82F19F4E1CE5DBE80025E75B /* Map */,
				82F19F4D1CE5D34C0025E75B /* TakePhoto */,
			);
			name = TabBar;
			sourceTree = "<group>";
		};
		82F19F4D1CE5D34C0025E75B /* TakePhoto */ = {
			isa = PBXGroup;
			children = (
				82F19F471CE5D32C0025E75B /* BRTakePhotoViewController.h */,
				82F19F481CE5D32C0025E75B /* BRTakePhotoViewController.m */,
				82F19F491CE5D32C0025E75B /* BRTakePhotoViewController.xib */,
			);
			name = TakePhoto;
			sourceTree = "<group>";
		};
		82F19F4E1CE5DBE80025E75B /* Map */ = {
			isa = PBXGroup;
			children = (
				82F19F4F1CE5DBFA0025E75B /* BRMapViewController.h */,
				82F19F501CE5DBFA0025E75B /* BRMapViewController.m */,
				82F19F511CE5DBFA0025E75B /* BRMapViewController.xib */,
			);
			name = Map;
			sourceTree = "<group>";
		};
		82F19F541CE5E1380025E75B /* List */ = {
			isa = PBXGroup;
			children = (
				82F19F551CE5E1550025E75B /* BRListTableViewController.h */,
				82F19F561CE5E1550025E75B /* BRListTableViewController.m */,
				82F19F571CE5E1550025E75B /* BRListTableViewController.xib */,
			);
			name = List;
			sourceTree = "<group>";
		};
/* End PBXGroup section */

/* Begin PBXNativeTarget section */
		82F19F0D1CE42B2A0025E75B /* BuptRoad */ = {
			isa = PBXNativeTarget;
			buildConfigurationList = 82F19F3E1CE42B2A0025E75B /* Build configuration list for PBXNativeTarget "BuptRoad" */;
			buildPhases = (
				82F19F0A1CE42B2A0025E75B /* Sources */,
				82F19F0B1CE42B2A0025E75B /* Frameworks */,
				82F19F0C1CE42B2A0025E75B /* Resources */,
			);
			buildRules = (
			);
			dependencies = (
			);
			name = BuptRoad;
			productName = BuptRoad;
			productReference = 82F19F0E1CE42B2A0025E75B /* BuptRoad.app */;
			productType = "com.apple.product-type.application";
		};
		82F19F291CE42B2A0025E75B /* BuptRoadTests */ = {
			isa = PBXNativeTarget;
			buildConfigurationList = 82F19F411CE42B2A0025E75B /* Build configuration list for PBXNativeTarget "BuptRoadTests" */;
			buildPhases = (
				82F19F261CE42B2A0025E75B /* Sources */,
				82F19F271CE42B2A0025E75B /* Frameworks */,
				82F19F281CE42B2A0025E75B /* Resources */,
			);
			buildRules = (
			);
			dependencies = (
				82F19F2C1CE42B2A0025E75B /* PBXTargetDependency */,
			);
			name = BuptRoadTests;
			productName = BuptRoadTests;
			productReference = 82F19F2A1CE42B2A0025E75B /* BuptRoadTests.xctest */;
			productType = "com.apple.product-type.bundle.unit-test";
		};
		82F19F341CE42B2A0025E75B /* BuptRoadUITests */ = {
			isa = PBXNativeTarget;
			buildConfigurationList = 82F19F441CE42B2A0025E75B /* Build configuration list for PBXNativeTarget "BuptRoadUITests" */;
			buildPhases = (
				82F19F311CE42B2A0025E75B /* Sources */,
				82F19F321CE42B2A0025E75B /* Frameworks */,
				82F19F331CE42B2A0025E75B /* Resources */,
			);
			buildRules = (
			);
			dependencies = (
				82F19F371CE42B2A0025E75B /* PBXTargetDependency */,
			);
			name = BuptRoadUITests;
			productName = BuptRoadUITests;
			productReference = 82F19F351CE42B2A0025E75B /* BuptRoadUITests.xctest */;
			productType = "com.apple.product-type.bundle.ui-testing";
		};
/* End PBXNativeTarget section */

/* Begin PBXProject section */
		82F19F061CE42B2A0025E75B /* Project object */ = {
			isa = PBXProject;
			attributes = {
				LastUpgradeCheck = 0730;
				ORGANIZATIONNAME = LaFleur;
				TargetAttributes = {
					82F19F0D1CE42B2A0025E75B = {
						CreatedOnToolsVersion = 7.3.1;
						DevelopmentTeam = 28UUJY53L8;
					};
					82F19F291CE42B2A0025E75B = {
						CreatedOnToolsVersion = 7.3.1;
						TestTargetID = 82F19F0D1CE42B2A0025E75B;
					};
					82F19F341CE42B2A0025E75B = {
						CreatedOnToolsVersion = 7.3.1;
						TestTargetID = 82F19F0D1CE42B2A0025E75B;
					};
				};
			};
			buildConfigurationList = 82F19F091CE42B2A0025E75B /* Build configuration list for PBXProject "BuptRoad" */;
			compatibilityVersion = "Xcode 3.2";
			developmentRegion = English;
			hasScannedForEncodings = 0;
			knownRegions = (
				en,
				Base,
			);
			mainGroup = 82F19F051CE42B2A0025E75B;
			productRefGroup = 82F19F0F1CE42B2A0025E75B /* Products */;
			projectDirPath = "";
			projectRoot = "";
			targets = (
				82F19F0D1CE42B2A0025E75B /* BuptRoad */,
				82F19F291CE42B2A0025E75B /* BuptRoadTests */,
				82F19F341CE42B2A0025E75B /* BuptRoadUITests */,
			);
		};
/* End PBXProject section */

/* Begin PBXResourcesBuildPhase section */
		82F19F0C1CE42B2A0025E75B /* Resources */ = {
			isa = PBXResourcesBuildPhase;
			buildActionMask = 2147483647;
			files = (
				82F19F241CE42B2A0025E75B /* LaunchScreen.storyboard in Resources */,
				82F19F531CE5DBFA0025E75B /* BRMapViewController.xib in Resources */,
				82F19F4B1CE5D32C0025E75B /* BRTakePhotoViewController.xib in Resources */,
				82F19F211CE42B2A0025E75B /* Assets.xcassets in Resources */,
				82F19F591CE5E1550025E75B /* BRListTableViewController.xib in Resources */,
			);
			runOnlyForDeploymentPostprocessing = 0;
		};
		82F19F281CE42B2A0025E75B /* Resources */ = {
			isa = PBXResourcesBuildPhase;
			buildActionMask = 2147483647;
			files = (
			);
			runOnlyForDeploymentPostprocessing = 0;
		};
		82F19F331CE42B2A0025E75B /* Resources */ = {
			isa = PBXResourcesBuildPhase;
			buildActionMask = 2147483647;
			files = (
			);
			runOnlyForDeploymentPostprocessing = 0;
		};
/* End PBXResourcesBuildPhase section */

/* Begin PBXSourcesBuildPhase section */
		82F19F0A1CE42B2A0025E75B /* Sources */ = {
			isa = PBXSourcesBuildPhase;
			buildActionMask = 2147483647;
			files = (
				82F19F4A1CE5D32C0025E75B /* BRTakePhotoViewController.m in Sources */,
				82F19F161CE42B2A0025E75B /* AppDelegate.m in Sources */,
				82F19F521CE5DBFA0025E75B /* BRMapViewController.m in Sources */,
				82F19F581CE5E1550025E75B /* BRListTableViewController.m in Sources */,
				82F19F1F1CE42B2A0025E75B /* BuptRoad.xcdatamodeld in Sources */,
				82F19F131CE42B2A0025E75B /* main.m in Sources */,
			);
			runOnlyForDeploymentPostprocessing = 0;
		};
		82F19F261CE42B2A0025E75B /* Sources */ = {
			isa = PBXSourcesBuildPhase;
			buildActionMask = 2147483647;
			files = (
				82F19F2F1CE42B2A0025E75B /* BuptRoadTests.m in Sources */,
			);
			runOnlyForDeploymentPostprocessing = 0;
		};
		82F19F311CE42B2A0025E75B /* Sources */ = {
			isa = PBXSourcesBuildPhase;
			buildActionMask = 2147483647;
			files = (
				82F19F3A1CE42B2A0025E75B /* BuptRoadUITests.m in Sources */,
			);
			runOnlyForDeploymentPostprocessing = 0;
		};
/* End PBXSourcesBuildPhase section */

/* Begin PBXTargetDependency section */
		82F19F2C1CE42B2A0025E75B /* PBXTargetDependency */ = {
			isa = PBXTargetDependency;
			target = 82F19F0D1CE42B2A0025E75B /* BuptRoad */;
			targetProxy = 82F19F2B1CE42B2A0025E75B /* PBXContainerItemProxy */;
		};
		82F19F371CE42B2A0025E75B /* PBXTargetDependency */ = {
			isa = PBXTargetDependency;
			target = 82F19F0D1CE42B2A0025E75B /* BuptRoad */;
			targetProxy = 82F19F361CE42B2A0025E75B /* PBXContainerItemProxy */;
		};
/* End PBXTargetDependency section */

/* Begin PBXVariantGroup section */
		82F19F221CE42B2A0025E75B /* LaunchScreen.storyboard */ = {
			isa = PBXVariantGroup;
			children = (
				82F19F231CE42B2A0025E75B /* Base */,
			);
			name = LaunchScreen.storyboard;
			sourceTree = "<group>";
		};
/* End PBXVariantGroup section */

/* Begin XCBuildConfiguration section */
		82F19F3C1CE42B2A0025E75B /* Debug */ = {
			isa = XCBuildConfiguration;
			buildSettings = {
				ALWAYS_SEARCH_USER_PATHS = NO;
				CLANG_ANALYZER_NONNULL = YES;
				CLANG_CXX_LANGUAGE_STANDARD = "gnu++0x";
				CLANG_CXX_LIBRARY = "libc++";
				CLANG_ENABLE_MODULES = YES;
				CLANG_ENABLE_OBJC_ARC = YES;
				CLANG_WARN_BOOL_CONVERSION = YES;
				CLANG_WARN_CONSTANT_CONVERSION = YES;
				CLANG_WARN_DIRECT_OBJC_ISA_USAGE = YES_ERROR;
				CLANG_WARN_EMPTY_BODY = YES;
				CLANG_WARN_ENUM_CONVERSION = YES;
				CLANG_WARN_INT_CONVERSION = YES;
				CLANG_WARN_OBJC_ROOT_CLASS = YES_ERROR;
				CLANG_WARN_UNREACHABLE_CODE = YES;
				CLANG_WARN__DUPLICATE_METHOD_MATCH = YES;
				"CODE_SIGN_IDENTITY[sdk=iphoneos*]" = "iPhone Developer";
				COPY_PHASE_STRIP = NO;
				DEBUG_INFORMATION_FORMAT = dwarf;
				ENABLE_STRICT_OBJC_MSGSEND = YES;
				ENABLE_TESTABILITY = YES;
				GCC_C_LANGUAGE_STANDARD = gnu99;
				GCC_DYNAMIC_NO_PIC = NO;
				GCC_NO_COMMON_BLOCKS = YES;
				GCC_OPTIMIZATION_LEVEL = 0;
				GCC_PREPROCESSOR_DEFINITIONS = (
					"DEBUG=1",
					"$(inherited)",
				);
				GCC_WARN_64_TO_32_BIT_CONVERSION = YES;
				GCC_WARN_ABOUT_RETURN_TYPE = YES_ERROR;
				GCC_WARN_UNDECLARED_SELECTOR = YES;
				GCC_WARN_UNINITIALIZED_AUTOS = YES_AGGRESSIVE;
				GCC_WARN_UNUSED_FUNCTION = YES;
				GCC_WARN_UNUSED_VARIABLE = YES;
				IPHONEOS_DEPLOYMENT_TARGET = 9.3;
				MTL_ENABLE_DEBUG_INFO = YES;
				ONLY_ACTIVE_ARCH = YES;
				SDKROOT = iphoneos;
			};
			name = Debug;
		};
		82F19F3D1CE42B2A0025E75B /* Release */ = {
			isa = XCBuildConfiguration;
			buildSettings = {
				ALWAYS_SEARCH_USER_PATHS = NO;
				CLANG_ANALYZER_NONNULL = YES;
				CLANG_CXX_LANGUAGE_STANDARD = "gnu++0x";
				CLANG_CXX_LIBRARY = "libc++";
				CLANG_ENABLE_MODULES = YES;
				CLANG_ENABLE_OBJC_ARC = YES;
				CLANG_WARN_BOOL_CONVERSION = YES;
				CLANG_WARN_CONSTANT_CONVERSION = YES;
				CLANG_WARN_DIRECT_OBJC_ISA_USAGE = YES_ERROR;
				CLANG_WARN_EMPTY_BODY = YES;
				CLANG_WARN_ENUM_CONVERSION = YES;
				CLANG_WARN_INT_CONVERSION = YES;
				CLANG_WARN_OBJC_ROOT_CLASS = YES_ERROR;
				CLANG_WARN_UNREACHABLE_CODE = YES;
				CLANG_WARN__DUPLICATE_METHOD_MATCH = YES;
				"CODE_SIGN_IDENTITY[sdk=iphoneos*]" = "iPhone Developer";
				COPY_PHASE_STRIP = NO;
				DEBUG_INFORMATION_FORMAT = "dwarf-with-dsym";
				ENABLE_NS_ASSERTIONS = NO;
				ENABLE_STRICT_OBJC_MSGSEND = YES;
				GCC_C_LANGUAGE_STANDARD = gnu99;
				GCC_NO_COMMON_BLOCKS = YES;
				GCC_WARN_64_TO_32_BIT_CONVERSION = YES;
				GCC_WARN_ABOUT_RETURN_TYPE = YES_ERROR;
				GCC_WARN_UNDECLARED_SELECTOR = YES;
				GCC_WARN_UNINITIALIZED_AUTOS = YES_AGGRESSIVE;
				GCC_WARN_UNUSED_FUNCTION = YES;
				GCC_WARN_UNUSED_VARIABLE = YES;
				IPHONEOS_DEPLOYMENT_TARGET = 9.3;
				MTL_ENABLE_DEBUG_INFO = NO;
				SDKROOT = iphoneos;
				VALIDATE_PRODUCT = YES;
			};
			name = Release;
		};
		82F19F3F1CE42B2A0025E75B /* Debug */ = {
			isa = XCBuildConfiguration;
			buildSettings = {
				ASSETCATALOG_COMPILER_APPICON_NAME = AppIcon;
				CODE_SIGN_IDENTITY = "iPhone Developer";
				"CODE_SIGN_IDENTITY[sdk=iphoneos*]" = "iPhone Developer";
				INFOPLIST_FILE = BuptRoad/Info.plist;
				LD_RUNPATH_SEARCH_PATHS = "$(inherited) @executable_path/Frameworks";
				MTL_ENABLE_DEBUG_INFO = YES;
				PRODUCT_BUNDLE_IDENTIFIER = com.lianjia.jiaxin;
				PRODUCT_NAME = "$(TARGET_NAME)";
				PROVISIONING_PROFILE = "";
			};
			name = Debug;
		};
		82F19F401CE42B2A0025E75B /* Release */ = {
			isa = XCBuildConfiguration;
			buildSettings = {
				ASSETCATALOG_COMPILER_APPICON_NAME = AppIcon;
				CODE_SIGN_IDENTITY = "iPhone Developer";
				"CODE_SIGN_IDENTITY[sdk=iphoneos*]" = "iPhone Developer";
				INFOPLIST_FILE = BuptRoad/Info.plist;
				LD_RUNPATH_SEARCH_PATHS = "$(inherited) @executable_path/Frameworks";
				MTL_ENABLE_DEBUG_INFO = YES;
				PRODUCT_BUNDLE_IDENTIFIER = com.lianjia.jiaxin;
				PRODUCT_NAME = "$(TARGET_NAME)";
				PROVISIONING_PROFILE = "";
			};
			name = Release;
		};
		82F19F421CE42B2A0025E75B /* Debug */ = {
			isa = XCBuildConfiguration;
			buildSettings = {
				BUNDLE_LOADER = "$(TEST_HOST)";
				INFOPLIST_FILE = BuptRoadTests/Info.plist;
				LD_RUNPATH_SEARCH_PATHS = "$(inherited) @executable_path/Frameworks @loader_path/Frameworks";
				PRODUCT_BUNDLE_IDENTIFIER = com.LaFleur.BuptRoadTests;
				PRODUCT_NAME = "$(TARGET_NAME)";
				TEST_HOST = "$(BUILT_PRODUCTS_DIR)/BuptRoad.app/BuptRoad";
			};
			name = Debug;
		};
		82F19F431CE42B2A0025E75B /* Release */ = {
			isa = XCBuildConfiguration;
			buildSettings = {
				BUNDLE_LOADER = "$(TEST_HOST)";
				INFOPLIST_FILE = BuptRoadTests/Info.plist;
				LD_RUNPATH_SEARCH_PATHS = "$(inherited) @executable_path/Frameworks @loader_path/Frameworks";
				PRODUCT_BUNDLE_IDENTIFIER = com.LaFleur.BuptRoadTests;
				PRODUCT_NAME = "$(TARGET_NAME)";
				TEST_HOST = "$(BUILT_PRODUCTS_DIR)/BuptRoad.app/BuptRoad";
			};
			name = Release;
		};
		82F19F451CE42B2A0025E75B /* Debug */ = {
			isa = XCBuildConfiguration;
			buildSettings = {
				INFOPLIST_FILE = BuptRoadUITests/Info.plist;
				LD_RUNPATH_SEARCH_PATHS = "$(inherited) @executable_path/Frameworks @loader_path/Frameworks";
				PRODUCT_BUNDLE_IDENTIFIER = com.LaFleur.BuptRoadUITests;
				PRODUCT_NAME = "$(TARGET_NAME)";
				TEST_TARGET_NAME = BuptRoad;
			};
			name = Debug;
		};
		82F19F461CE42B2A0025E75B /* Release */ = {
			isa = XCBuildConfiguration;
			buildSettings = {
				INFOPLIST_FILE = BuptRoadUITests/Info.plist;
				LD_RUNPATH_SEARCH_PATHS = "$(inherited) @executable_path/Frameworks @loader_path/Frameworks";
				PRODUCT_BUNDLE_IDENTIFIER = com.LaFleur.BuptRoadUITests;
				PRODUCT_NAME = "$(TARGET_NAME)";
				TEST_TARGET_NAME = BuptRoad;
			};
			name = Release;
		};
/* End XCBuildConfiguration section */

/* Begin XCConfigurationList section */
		82F19F091CE42B2A0025E75B /* Build configuration list for PBXProject "BuptRoad" */ = {
			isa = XCConfigurationList;
			buildConfigurations = (
				82F19F3C1CE42B2A0025E75B /* Debug */,
				82F19F3D1CE42B2A0025E75B /* Release */,
			);
			defaultConfigurationIsVisible = 0;
			defaultConfigurationName = Release;
		};
		82F19F3E1CE42B2A0025E75B /* Build configuration list for PBXNativeTarget "BuptRoad" */ = {
			isa = XCConfigurationList;
			buildConfigurations = (
				82F19F3F1CE42B2A0025E75B /* Debug */,
				82F19F401CE42B2A0025E75B /* Release */,
			);
			defaultConfigurationIsVisible = 0;
			defaultConfigurationName = Release;
		};
		82F19F411CE42B2A0025E75B /* Build configuration list for PBXNativeTarget "BuptRoadTests" */ = {
			isa = XCConfigurationList;
			buildConfigurations = (
				82F19F421CE42B2A0025E75B /* Debug */,
				82F19F431CE42B2A0025E75B /* Release */,
			);
			defaultConfigurationIsVisible = 0;
			defaultConfigurationName = Release;
		};
		82F19F441CE42B2A0025E75B /* Build configuration list for PBXNativeTarget "BuptRoadUITests" */ = {
			isa = XCConfigurationList;
			buildConfigurations = (
				82F19F451CE42B2A0025E75B /* Debug */,
				82F19F461CE42B2A0025E75B /* Release */,
			);
			defaultConfigurationIsVisible = 0;
			defaultConfigurationName = Release;
		};
/* End XCConfigurationList section */

/* Begin XCVersionGroup section */
		82F19F1D1CE42B2A0025E75B /* BuptRoad.xcdatamodeld */ = {
			isa = XCVersionGroup;
			children = (
				82F19F1E1CE42B2A0025E75B /* BuptRoad.xcdatamodel */,
			);
			currentVersion = 82F19F1E1CE42B2A0025E75B /* BuptRoad.xcdatamodel */;
			path = BuptRoad.xcdatamodeld;
			sourceTree = "<group>";
			versionGroupType = wrapper.xcdatamodel;
		};
/* End XCVersionGroup section */
	};
	rootObject = 82F19F061CE42B2A0025E75B /* Project object */;
}
